
Microsoft Visual Studio Solution File, Format Version 12.00
# Visual Studio Version 17
VisualStudioVersion = 17.8.34330.188
MinimumVisualStudioVersion = 10.0.40219.1
Project("{FAE04EC0-301F-11D3-BF4B-00C04F79EFBC}") = "JokesWebApp", "JokesWebApp.csproj", "{873D7D67-3E49-4172-BA15-512C9F37A150}"
EndProject
Global
	GlobalSection(SolutionConfigurationPlatforms) = preSolution
		Debug|Any CPU = Debug|Any CPU
		Release|Any CPU = Release|Any CPU
	EndGlobalSection
	GlobalSection(ProjectConfigurationPlatforms) = postSolution
		{873D7D67-3E49-4172-BA15-512C9F37A150}.Debug|Any CPU.ActiveCfg = Debug|Any CPU
		{873D7D67-3E49-4172-BA15-512C9F37A150}.Debug|Any CPU.Build.0 = Debug|Any CPU
		{873D7D67-3E49-4172-BA15-512C9F37A150}.Release|Any CPU.ActiveCfg = Release|Any CPU
		{873D7D67-3E49-4172-BA15-512C9F37A150}.Release|Any CPU.Build.0 = Release|Any CPU
	EndGlobalSection
	GlobalSection(SolutionProperties) = preSolution
		HideSolutionNode = FALSE
	EndGlobalSection
	GlobalSection(ExtensibilityGlobals) = postSolution
		SolutionGuid = {85F5D13F-ABF0-499B-9A6E-C5D13983C767}
	EndGlobalSection
EndGlobal
